// !$*UTF8*$!
{
	archiveVersion = 1;
	classes = {
	};
	objectVersion = 56;
	objects = {

/* Begin PBXBuildFile section */
		035A3968298446D900EB9A52 /* AppDelegate.swift in Sources */ = {isa = PBXBuildFile; fileRef = 035A3967298446D900EB9A52 /* AppDelegate.swift */; };
		035A396A298446D900EB9A52 /* SceneDelegate.swift in Sources */ = {isa = PBXBuildFile; fileRef = 035A3969298446D900EB9A52 /* SceneDelegate.swift */; };
		035A396C298446D900EB9A52 /* ViewController.swift in Sources */ = {isa = PBXBuildFile; fileRef = 035A396B298446D900EB9A52 /* ViewController.swift */; };
		035A396F298446D900EB9A52 /* Main.storyboard in Resources */ = {isa = PBXBuildFile; fileRef = 035A396D298446D900EB9A52 /* Main.storyboard */; };
		035A3974298446DC00EB9A52 /* Assets.xcassets in Resources */ = {isa = PBXBuildFile; fileRef = 035A3973298446DC00EB9A52 /* Assets.xcassets */; };
		035A3977298446DC00EB9A52 /* LaunchScreen.storyboard in Resources */ = {isa = PBXBuildFile; fileRef = 035A3975298446DC00EB9A52 /* LaunchScreen.storyboard */; };
		035A3982298446DC00EB9A52 /* ReminderAppTests.swift in Sources */ = {isa = PBXBuildFile; fileRef = 035A3981298446DC00EB9A52 /* ReminderAppTests.swift */; };
		035A398C298446DC00EB9A52 /* ReminderAppUITests.swift in Sources */ = {isa = PBXBuildFile; fileRef = 035A398B298446DC00EB9A52 /* ReminderAppUITests.swift */; };
		035A398E298446DC00EB9A52 /* ReminderAppUITestsLaunchTests.swift in Sources */ = {isa = PBXBuildFile; fileRef = 035A398D298446DC00EB9A52 /* ReminderAppUITestsLaunchTests.swift */; };
		035A399B2984498400EB9A52 /* ReminderTable.swift in Sources */ = {isa = PBXBuildFile; fileRef = 035A399A2984498400EB9A52 /* ReminderTable.swift */; };
		035A39A72984744D00EB9A52 /* ReminderApp.xcdatamodeld in Sources */ = {isa = PBXBuildFile; fileRef = 035A39A52984744D00EB9A52 /* ReminderApp.xcdatamodeld */; };
/* End PBXBuildFile section */

/* Begin PBXContainerItemProxy section */
		035A397E298446DC00EB9A52 /* PBXContainerItemProxy */ = {
			isa = PBXContainerItemProxy;
			containerPortal = 035A395C298446D900EB9A52 /* Project object */;
			proxyType = 1;
			remoteGlobalIDString = 035A3963298446D900EB9A52;
			remoteInfo = ReminderApp;
		};
		035A3988298446DC00EB9A52 /* PBXContainerItemProxy */ = {
			isa = PBXContainerItemProxy;
			containerPortal = 035A395C298446D900EB9A52 /* Project object */;
			proxyType = 1;
			remoteGlobalIDString = 035A3963298446D900EB9A52;
			remoteInfo = ReminderApp;
		};
/* End PBXContainerItemProxy section */

/* Begin PBXFileReference section */
		035A3964298446D900EB9A52 /* ReminderApp.app */ = {isa = PBXFileReference; explicitFileType = wrapper.application; includeInIndex = 0; path = ReminderApp.app; sourceTree = BUILT_PRODUCTS_DIR; };
		035A3967298446D900EB9A52 /* AppDelegate.swift */ = {isa = PBXFileReference; lastKnownFileType = sourcecode.swift; path = AppDelegate.swift; sourceTree = "<group>"; };
		035A3969298446D900EB9A52 /* SceneDelegate.swift */ = {isa = PBXFileReference; lastKnownFileType = sourcecode.swift; path = SceneDelegate.swift; sourceTree = "<group>"; };
		035A396B298446D900EB9A52 /* ViewController.swift */ = {isa = PBXFileReference; lastKnownFileType = sourcecode.swift; path = ViewController.swift; sourceTree = "<group>"; };
		035A396E298446D900EB9A52 /* Base */ = {isa = PBXFileReference; lastKnownFileType = file.storyboard; name = Base; path = Base.lproj/Main.storyboard; sourceTree = "<group>"; };
		035A3973298446DC00EB9A52 /* Assets.xcassets */ = {isa = PBXFileReference; lastKnownFileType = folder.assetcatalog; path = Assets.xcassets; sourceTree = "<group>"; };
		035A3976298446DC00EB9A52 /* Base */ = {isa = PBXFileReference; lastKnownFileType = file.storyboard; name = Base; path = Base.lproj/LaunchScreen.storyboard; sourceTree = "<group>"; };
		035A3978298446DC00EB9A52 /* Info.plist */ = {isa = PBXFileReference; lastKnownFileType = text.plist.xml; path = Info.plist; sourceTree = "<group>"; };
		035A397D298446DC00EB9A52 /* ReminderAppTests.xctest */ = {isa = PBXFileReference; explicitFileType = wrapper.cfbundle; includeInIndex = 0; path = ReminderAppTests.xctest; sourceTree = BUILT_PRODUCTS_DIR; };
		035A3981298446DC00EB9A52 /* ReminderAppTests.swift */ = {isa = PBXFileReference; lastKnownFileType = sourcecode.swift; path = ReminderAppTests.swift; sourceTree = "<group>"; };
		035A3987298446DC00EB9A52 /* ReminderAppUITests.xctest */ = {isa = PBXFileReference; explicitFileType = wrapper.cfbundle; includeInIndex = 0; path = ReminderAppUITests.xctest; sourceTree = BUILT_PRODUCTS_DIR; };
		035A398B298446DC00EB9A52 /* ReminderAppUITests.swift */ = {isa = PBXFileReference; lastKnownFileType = sourcecode.swift; path = ReminderAppUITests.swift; sourceTree = "<group>"; };
		035A398D298446DC00EB9A52 /* ReminderAppUITestsLaunchTests.swift */ = {isa = PBXFileReference; lastKnownFileType = sourcecode.swift; path = ReminderAppUITestsLaunchTests.swift; sourceTree = "<group>"; };
		035A399A2984498400EB9A52 /* ReminderTable.swift */ = {isa = PBXFileReference; lastKnownFileType = sourcecode.swift; path = ReminderTable.swift; sourceTree = "<group>"; };
		035A39A62984744D00EB9A52 /* ReminderApp.xcdatamodel */ = {isa = PBXFileReference; lastKnownFileType = wrapper.xcdatamodel; path = ReminderApp.xcdatamodel; sourceTree = "<group>"; };
/* End PBXFileReference section */

/* Begin PBXFrameworksBuildPhase section */
		035A3961298446D900EB9A52 /* Frameworks */ = {
			isa = PBXFrameworksBuildPhase;
			buildActionMask = 2147483647;
			files = (
			);
			runOnlyForDeploymentPostprocessing = 0;
		};
		035A397A298446DC00EB9A52 /* Frameworks */ = {
			isa = PBXFrameworksBuildPhase;
			buildActionMask = 2147483647;
			files = (
			);
			runOnlyForDeploymentPostprocessing = 0;
		};
		035A3984298446DC00EB9A52 /* Frameworks */ = {
			isa = PBXFrameworksBuildPhase;
			buildActionMask = 2147483647;
			files = (
			);
			runOnlyForDeploymentPostprocessing = 0;
		};
/* End PBXFrameworksBuildPhase section */

/* Begin PBXGroup section */
		035A395B298446D900EB9A52 = {
			isa = PBXGroup;
			children = (
				035A3966298446D900EB9A52 /* ReminderApp */,
				035A3980298446DC00EB9A52 /* ReminderAppTests */,
				035A398A298446DC00EB9A52 /* ReminderAppUITests */,
				035A3965298446D900EB9A52 /* Products */,
			);
			sourceTree = "<group>";
		};
		035A3965298446D900EB9A52 /* Products */ = {
			isa = PBXGroup;
			children = (
				035A3964298446D900EB9A52 /* ReminderApp.app */,
				035A397D298446DC00EB9A52 /* ReminderAppTests.xctest */,
				035A3987298446DC00EB9A52 /* ReminderAppUITests.xctest */,
			);
			name = Products;
			sourceTree = "<group>";
		};
		035A3966298446D900EB9A52 /* ReminderApp */ = {
			isa = PBXGroup;
			children = (
				035A3967298446D900EB9A52 /* AppDelegate.swift */,
				035A3969298446D900EB9A52 /* SceneDelegate.swift */,
				035A396B298446D900EB9A52 /* ViewController.swift */,
				035A396D298446D900EB9A52 /* Main.storyboard */,
				035A3973298446DC00EB9A52 /* Assets.xcassets */,
				035A3975298446DC00EB9A52 /* LaunchScreen.storyboard */,
				035A3978298446DC00EB9A52 /* Info.plist */,
				035A399A2984498400EB9A52 /* ReminderTable.swift */,
				035A39A52984744D00EB9A52 /* ReminderApp.xcdatamodeld */,
			);
			path = ReminderApp;
			sourceTree = "<group>";
		};
		035A3980298446DC00EB9A52 /* ReminderAppTests */ = {
			isa = PBXGroup;
			children = (
				035A3981298446DC00EB9A52 /* ReminderAppTests.swift */,
			);
			path = ReminderAppTests;
			sourceTree = "<group>";
		};
		035A398A298446DC00EB9A52 /* ReminderAppUITests */ = {
			isa = PBXGroup;
			children = (
				035A398B298446DC00EB9A52 /* ReminderAppUITests.swift */,
				035A398D298446DC00EB9A52 /* ReminderAppUITestsLaunchTests.swift */,
			);
			path = ReminderAppUITests;
			sourceTree = "<group>";
		};
/* End PBXGroup section */

/* Begin PBXNativeTarget section */
		035A3963298446D900EB9A52 /* ReminderApp */ = {
			isa = PBXNativeTarget;
			buildConfigurationList = 035A3991298446DC00EB9A52 /* Build configuration list for PBXNativeTarget "ReminderApp" */;
			buildPhases = (
				035A3960298446D900EB9A52 /* Sources */,
				035A3961298446D900EB9A52 /* Frameworks */,
				035A3962298446D900EB9A52 /* Resources */,
			);
			buildRules = (
			);
			dependencies = (
			);
			name = ReminderApp;
			productName = ReminderApp;
			productReference = 035A3964298446D900EB9A52 /* ReminderApp.app */;
			productType = "com.apple.product-type.application";
		};
		035A397C298446DC00EB9A52 /* ReminderAppTests */ = {
			isa = PBXNativeTarget;
			buildConfigurationList = 035A3994298446DC00EB9A52 /* Build configuration list for PBXNativeTarget "ReminderAppTests" */;
			buildPhases = (
				035A3979298446DC00EB9A52 /* Sources */,
				035A397A298446DC00EB9A52 /* Frameworks */,
				035A397B298446DC00EB9A52 /* Resources */,
			);
			buildRules = (
			);
			dependencies = (
				035A397F298446DC00EB9A52 /* PBXTargetDependency */,
			);
			name = ReminderAppTests;
			productName = ReminderAppTests;
			productReference = 035A397D298446DC00EB9A52 /* ReminderAppTests.xctest */;
			productType = "com.apple.product-type.bundle.unit-test";
		};
		035A3986298446DC00EB9A52 /* ReminderAppUITests */ = {
			isa = PBXNativeTarget;
			buildConfigurationList = 035A3997298446DC00EB9A52 /* Build configuration list for PBXNativeTarget "ReminderAppUITests" */;
			buildPhases = (
				035A3983298446DC00EB9A52 /* Sources */,
				035A3984298446DC00EB9A52 /* Frameworks */,
				035A3985298446DC00EB9A52 /* Resources */,
			);
			buildRules = (
			);
			dependencies = (
				035A3989298446DC00EB9A52 /* PBXTargetDependency */,
			);
			name = ReminderAppUITests;
			productName = ReminderAppUITests;
			productReference = 035A3987298446DC00EB9A52 /* ReminderAppUITests.xctest */;
			productType = "com.apple.product-type.bundle.ui-testing";
		};
/* End PBXNativeTarget section */

/* Begin PBXProject section */
		035A395C298446D900EB9A52 /* Project object */ = {
			isa = PBXProject;
			attributes = {
				BuildIndependentTargetsInParallel = 1;
				LastSwiftUpdateCheck = 1420;
				LastUpgradeCheck = 1420;
				TargetAttributes = {
					035A3963298446D900EB9A52 = {
						CreatedOnToolsVersion = 14.2;
					};
					035A397C298446DC00EB9A52 = {
						CreatedOnToolsVersion = 14.2;
						TestTargetID = 035A3963298446D900EB9A52;
					};
					035A3986298446DC00EB9A52 = {
						CreatedOnToolsVersion = 14.2;
						TestTargetID = 035A3963298446D900EB9A52;
					};
				};
			};
			buildConfigurationList = 035A395F298446D900EB9A52 /* Build configuration list for PBXProject "ReminderApp" */;
			compatibilityVersion = "Xcode 14.0";
			developmentRegion = en;
			hasScannedForEncodings = 0;
			knownRegions = (
				en,
				Base,
			);
			mainGroup = 035A395B298446D900EB9A52;
			productRefGroup = 035A3965298446D900EB9A52 /* Products */;
			projectDirPath = "";
			projectRoot = "";
			targets = (
				035A3963298446D900EB9A52 /* ReminderApp */,
				035A397C298446DC00EB9A52 /* ReminderAppTests */,
				035A3986298446DC00EB9A52 /* ReminderAppUITests */,
			);
		};
/* End PBXProject section */

/* Begin PBXResourcesBuildPhase section */
		035A3962298446D900EB9A52 /* Resources */ = {
			isa = PBXResourcesBuildPhase;
			buildActionMask = 2147483647;
			files = (
				035A3977298446DC00EB9A52 /* LaunchScreen.storyboard in Resources */,
				035A3974298446DC00EB9A52 /* Assets.xcassets in Resources */,
				035A396F298446D900EB9A52 /* Main.storyboard in Resources */,
			);
			runOnlyForDeploymentPostprocessing = 0;
		};
		035A397B298446DC00EB9A52 /* Resources */ = {
			isa = PBXResourcesBuildPhase;
			buildActionMask = 2147483647;
			files = (
			);
			runOnlyForDeploymentPostprocessing = 0;
		};
		035A3985298446DC00EB9A52 /* Resources */ = {
			isa = PBXResourcesBuildPhase;
			buildActionMask = 2147483647;
			files = (
			);
			runOnlyForDeploymentPostprocessing = 0;
		};
/* End PBXResourcesBuildPhase section */

/* Begin PBXSourcesBuildPhase section */
		035A3960298446D900EB9A52 /* Sources */ = {
			isa = PBXSourcesBuildPhase;
			buildActionMask = 2147483647;
			files = (
				035A396C298446D900EB9A52 /* ViewController.swift in Sources */,
				035A3968298446D900EB9A52 /* AppDelegate.swift in Sources */,
				035A39A72984744D00EB9A52 /* ReminderApp.xcdatamodeld in Sources */,
				035A396A298446D900EB9A52 /* SceneDelegate.swift in Sources */,
				035A399B2984498400EB9A52 /* ReminderTable.swift in Sources */,
			);
			runOnlyForDeploymentPostprocessing = 0;
		};
		035A3979298446DC00EB9A52 /* Sources */ = {
			isa = PBXSourcesBuildPhase;
			buildActionMask = 2147483647;
			files = (
				035A3982298446DC00EB9A52 /* ReminderAppTests.swift in Sources */,
			);
			runOnlyForDeploymentPostprocessing = 0;
		};
		035A3983298446DC00EB9A52 /* Sources */ = {
			isa = PBXSourcesBuildPhase;
			buildActionMask = 2147483647;
			files = (
				035A398E298446DC00EB9A52 /* ReminderAppUITestsLaunchTests.swift in Sources */,
				035A398C298446DC00EB9A52 /* ReminderAppUITests.swift in Sources */,
			);
			runOnlyForDeploymentPostprocessing = 0;
		};
/* End PBXSourcesBuildPhase section */

/* Begin PBXTargetDependency section */
		035A397F298446DC00EB9A52 /* PBXTargetDependency */ = {
			isa = PBXTargetDependency;
			target = 035A3963298446D900EB9A52 /* ReminderApp */;
			targetProxy = 035A397E298446DC00EB9A52 /* PBXContainerItemProxy */;
		};
		035A3989298446DC00EB9A52 /* PBXTargetDependency */ = {
			isa = PBXTargetDependency;
			target = 035A3963298446D900EB9A52 /* ReminderApp */;
			targetProxy = 035A3988298446DC00EB9A52 /* PBXContainerItemProxy */;
		};
/* End PBXTargetDependency section */

/* Begin PBXVariantGroup section */
		035A396D298446D900EB9A52 /* Main.storyboard */ = {
			isa = PBXVariantGroup;
			children = (
				035A396E298446D900EB9A52 /* Base */,
			);
			name = Main.storyboard;
			sourceTree = "<group>";
		};
		035A3975298446DC00EB9A52 /* LaunchScreen.storyboard */ = {
			isa = PBXVariantGroup;
			children = (
				035A3976298446DC00EB9A52 /* Base */,
			);
			name = LaunchScreen.storyboard;
			sourceTree = "<group>";
		};
/* End PBXVariantGroup section */

/* Begin XCBuildConfiguration section */
		035A398F298446DC00EB9A52 /* Debug */ = {
			isa = XCBuildConfiguration;
			buildSettings = {
				ALWAYS_SEARCH_USER_PATHS = NO;
				CLANG_ANALYZER_NONNULL = YES;
				CLANG_ANALYZER_NUMBER_OBJECT_CONVERSION = YES_AGGRESSIVE;
				CLANG_CXX_LANGUAGE_STANDARD = "gnu++20";
				CLANG_ENABLE_MODULES = YES;
				CLANG_ENABLE_OBJC_ARC = YES;
				CLANG_ENABLE_OBJC_WEAK = YES;
				CLANG_WARN_BLOCK_CAPTURE_AUTORELEASING = YES;
				CLANG_WARN_BOOL_CONVERSION = YES;
				CLANG_WARN_COMMA = YES;
				CLANG_WARN_CONSTANT_CONVERSION = YES;
				CLANG_WARN_DEPRECATED_OBJC_IMPLEMENTATIONS = YES;
				CLANG_WARN_DIRECT_OBJC_ISA_USAGE = YES_ERROR;
				CLANG_WARN_DOCUMENTATION_COMMENTS = YES;
				CLANG_WARN_EMPTY_BODY = YES;
				CLANG_WARN_ENUM_CONVERSION = YES;
				CLANG_WARN_INFINITE_RECURSION = YES;
				CLANG_WARN_INT_CONVERSION = YES;
				CLANG_WARN_NON_LITERAL_NULL_CONVERSION = YES;
				CLANG_WARN_OBJC_IMPLICIT_RETAIN_SELF = YES;
				CLANG_WARN_OBJC_LITERAL_CONVERSION = YES;
				CLANG_WARN_OBJC_ROOT_CLASS = YES_ERROR;
				CLANG_WARN_QUOTED_INCLUDE_IN_FRAMEWORK_HEADER = YES;
				CLANG_WARN_RANGE_LOOP_ANALYSIS = YES;
				CLANG_WARN_STRICT_PROTOTYPES = YES;
				CLANG_WARN_SUSPICIOUS_MOVE = YES;
				CLANG_WARN_UNGUARDED_AVAILABILITY = YES_AGGRESSIVE;
				CLANG_WARN_UNREACHABLE_CODE = YES;
				CLANG_WARN__DUPLICATE_METHOD_MATCH = YES;
				COPY_PHASE_STRIP = NO;
				DEBUG_INFORMATION_FORMAT = dwarf;
				ENABLE_STRICT_OBJC_MSGSEND = YES;
				ENABLE_TESTABILITY = YES;
				GCC_C_LANGUAGE_STANDARD = gnu11;
				GCC_DYNAMIC_NO_PIC = NO;
				GCC_NO_COMMON_BLOCKS = YES;
				GCC_OPTIMIZATION_LEVEL = 0;
				GCC_PREPROCESSOR_DEFINITIONS = (
					"DEBUG=1",
					"$(inherited)",
				);
				GCC_WARN_64_TO_32_BIT_CONVERSION = YES;
				GCC_WARN_ABOUT_RETURN_TYPE = YES_ERROR;
				GCC_WARN_UNDECLARED_SELECTOR = YES;
				GCC_WARN_UNINITIALIZED_AUTOS = YES_AGGRESSIVE;
				GCC_WARN_UNUSED_FUNCTION = YES;
				GCC_WARN_UNUSED_VARIABLE = YES;
				IPHONEOS_DEPLOYMENT_TARGET = 16.2;
				MTL_ENABLE_DEBUG_INFO = INCLUDE_SOURCE;
				MTL_FAST_MATH = YES;
				ONLY_ACTIVE_ARCH = YES;
				SDKROOT = iphoneos;
				SWIFT_ACTIVE_COMPILATION_CONDITIONS = DEBUG;
				SWIFT_OPTIMIZATION_LEVEL = "-Onone";
			};
			name = Debug;
		};
		035A3990298446DC00EB9A52 /* Release */ = {
			isa = XCBuildConfiguration;
			buildSettings = {
				ALWAYS_SEARCH_USER_PATHS = NO;
				CLANG_ANALYZER_NONNULL = YES;
				CLANG_ANALYZER_NUMBER_OBJECT_CONVERSION = YES_AGGRESSIVE;
				CLANG_CXX_LANGUAGE_STANDARD = "gnu++20";
				CLANG_ENABLE_MODULES = YES;
				CLANG_ENABLE_OBJC_ARC = YES;
				CLANG_ENABLE_OBJC_WEAK = YES;
				CLANG_WARN_BLOCK_CAPTURE_AUTORELEASING = YES;
				CLANG_WARN_BOOL_CONVERSION = YES;
				CLANG_WARN_COMMA = YES;
				CLANG_WARN_CONSTANT_CONVERSION = YES;
				CLANG_WARN_DEPRECATED_OBJC_IMPLEMENTATIONS = YES;
				CLANG_WARN_DIRECT_OBJC_ISA_USAGE = YES_ERROR;
				CLANG_WARN_DOCUMENTATION_COMMENTS = YES;
				CLANG_WARN_EMPTY_BODY = YES;
				CLANG_WARN_ENUM_CONVERSION = YES;
				CLANG_WARN_INFINITE_RECURSION = YES;
				CLANG_WARN_INT_CONVERSION = YES;
				CLANG_WARN_NON_LITERAL_NULL_CONVERSION = YES;
				CLANG_WARN_OBJC_IMPLICIT_RETAIN_SELF = YES;
				CLANG_WARN_OBJC_LITERAL_CONVERSION = YES;
				CLANG_WARN_OBJC_ROOT_CLASS = YES_ERROR;
				CLANG_WARN_QUOTED_INCLUDE_IN_FRAMEWORK_HEADER = YES;
				CLANG_WARN_RANGE_LOOP_ANALYSIS = YES;
				CLANG_WARN_STRICT_PROTOTYPES = YES;
				CLANG_WARN_SUSPICIOUS_MOVE = YES;
				CLANG_WARN_UNGUARDED_AVAILABILITY = YES_AGGRESSIVE;
				CLANG_WARN_UNREACHABLE_CODE = YES;
				CLANG_WARN__DUPLICATE_METHOD_MATCH = YES;
				COPY_PHASE_STRIP = NO;
				DEBUG_INFORMATION_FORMAT = "dwarf-with-dsym";
				ENABLE_NS_ASSERTIONS = NO;
				ENABLE_STRICT_OBJC_MSGSEND = YES;
				GCC_C_LANGUAGE_STANDARD = gnu11;
				GCC_NO_COMMON_BLOCKS = YES;
				GCC_WARN_64_TO_32_BIT_CONVERSION = YES;
				GCC_WARN_ABOUT_RETURN_TYPE = YES_ERROR;
				GCC_WARN_UNDECLARED_SELECTOR = YES;
				GCC_WARN_UNINITIALIZED_AUTOS = YES_AGGRESSIVE;
				GCC_WARN_UNUSED_FUNCTION = YES;
				GCC_WARN_UNUSED_VARIABLE = YES;
				IPHONEOS_DEPLOYMENT_TARGET = 16.2;
				MTL_ENABLE_DEBUG_INFO = NO;
				MTL_FAST_MATH = YES;
				SDKROOT = iphoneos;
				SWIFT_COMPILATION_MODE = wholemodule;
				SWIFT_OPTIMIZATION_LEVEL = "-O";
				VALIDATE_PRODUCT = YES;
			};
			name = Release;
		};
		035A3992298446DC00EB9A52 /* Debug */ = {
			isa = XCBuildConfiguration;
			buildSettings = {
				ASSETCATALOG_COMPILER_APPICON_NAME = AppIcon;
				ASSETCATALOG_COMPILER_GLOBAL_ACCENT_COLOR_NAME = AccentColor;
				CODE_SIGN_STYLE = Automatic;
				CURRENT_PROJECT_VERSION = 1;
				GENERATE_INFOPLIST_FILE = YES;
				INFOPLIST_FILE = ReminderApp/Info.plist;
				INFOPLIST_KEY_UIApplicationSupportsIndirectInputEvents = YES;
				INFOPLIST_KEY_UILaunchStoryboardName = LaunchScreen;
				INFOPLIST_KEY_UIMainStoryboardFile = Main;
				INFOPLIST_KEY_UISupportedInterfaceOrientations_iPad = "UIInterfaceOrientationPortrait UIInterfaceOrientationPortraitUpsideDown UIInterfaceOrientationLandscapeLeft UIInterfaceOrientationLandscapeRight";
				INFOPLIST_KEY_UISupportedInterfaceOrientations_iPhone = "UIInterfaceOrientationPortrait UIInterfaceOrientationLandscapeLeft UIInterfaceOrientationLandscapeRight";
				LD_RUNPATH_SEARCH_PATHS = (
					"$(inherited)",
					"@executable_path/Frameworks",
				);
				MARKETING_VERSION = 1.0;
				PRODUCT_BUNDLE_IDENTIFIER = ITI.ReminderApp;
				PRODUCT_NAME = "$(TARGET_NAME)";
				SWIFT_EMIT_LOC_STRINGS = YES;
				SWIFT_VERSION = 5.0;
				TARGETED_DEVICE_FAMILY = "1,2";
			};
			name = Debug;
		};
		035A3993298446DC00EB9A52 /* Release */ = {
			isa = XCBuildConfiguration;
			buildSettings = {
				ASSETCATALOG_COMPILER_APPICON_NAME = AppIcon;
				ASSETCATALOG_COMPILER_GLOBAL_ACCENT_COLOR_NAME = AccentColor;
				CODE_SIGN_STYLE = Automatic;
				CURRENT_PROJECT_VERSION = 1;
				GENERATE_INFOPLIST_FILE = YES;
				INFOPLIST_FILE = ReminderApp/Info.plist;
				INFOPLIST_KEY_UIApplicationSupportsIndirectInputEvents = YES;
				INFOPLIST_KEY_UILaunchStoryboardName = LaunchScreen;
				INFOPLIST_KEY_UIMainStoryboardFile = Main;
				INFOPLIST_KEY_UISupportedInterfaceOrientations_iPad = "UIInterfaceOrientationPortrait UIInterfaceOrientationPortraitUpsideDown UIInterfaceOrientationLandscapeLeft UIInterfaceOrientationLandscapeRight";
				INFOPLIST_KEY_UISupportedInterfaceOrientations_iPhone = "UIInterfaceOrientationPortrait UIInterfaceOrientationLandscapeLeft UIInterfaceOrientationLandscapeRight";
				LD_RUNPATH_SEARCH_PATHS = (
					"$(inherited)",
					"@executable_path/Frameworks",
				);
				MARKETING_VERSION = 1.0;
				PRODUCT_BUNDLE_IDENTIFIER = ITI.ReminderApp;
				PRODUCT_NAME = "$(TARGET_NAME)";
				SWIFT_EMIT_LOC_STRINGS = YES;
				SWIFT_VERSION = 5.0;
				TARGETED_DEVICE_FAMILY = "1,2";
			};
			name = Release;
		};
		035A3995298446DC00EB9A52 /* Debug */ = {
			isa = XCBuildConfiguration;
			buildSettings = {
				ALWAYS_EMBED_SWIFT_STANDARD_LIBRARIES = YES;
				BUNDLE_LOADER = "$(TEST_HOST)";
				CODE_SIGN_STYLE = Automatic;
				CURRENT_PROJECT_VERSION = 1;
				GENERATE_INFOPLIST_FILE = YES;
				IPHONEOS_DEPLOYMENT_TARGET = 16.2;
				MARKETING_VERSION = 1.0;
				PRODUCT_BUNDLE_IDENTIFIER = ITI.ReminderAppTests;
				PRODUCT_NAME = "$(TARGET_NAME)";
				SWIFT_EMIT_LOC_STRINGS = NO;
				SWIFT_VERSION = 5.0;
				TARGETED_DEVICE_FAMILY = "1,2";
				TEST_HOST = "$(BUILT_PRODUCTS_DIR)/ReminderApp.app/$(BUNDLE_EXECUTABLE_FOLDER_PATH)/ReminderApp";
			};
			name = Debug;
		};
		035A3996298446DC00EB9A52 /* Release */ = {
			isa = XCBuildConfiguration;
			buildSettings = {
				ALWAYS_EMBED_SWIFT_STANDARD_LIBRARIES = YES;
				BUNDLE_LOADER = "$(TEST_HOST)";
				CODE_SIGN_STYLE = Automatic;
				CURRENT_PROJECT_VERSION = 1;
				GENERATE_INFOPLIST_FILE = YES;
				IPHONEOS_DEPLOYMENT_TARGET = 16.2;
				MARKETING_VERSION = 1.0;
				PRODUCT_BUNDLE_IDENTIFIER = ITI.ReminderAppTests;
				PRODUCT_NAME = "$(TARGET_NAME)";
				SWIFT_EMIT_LOC_STRINGS = NO;
				SWIFT_VERSION = 5.0;
				TARGETED_DEVICE_FAMILY = "1,2";
				TEST_HOST = "$(BUILT_PRODUCTS_DIR)/ReminderApp.app/$(BUNDLE_EXECUTABLE_FOLDER_PATH)/ReminderApp";
			};
			name = Release;
		};
		035A3998298446DC00EB9A52 /* Debug */ = {
			isa = XCBuildConfiguration;
			buildSettings = {
				ALWAYS_EMBED_SWIFT_STANDARD_LIBRARIES = YES;
				CODE_SIGN_STYLE = Automatic;
				CURRENT_PROJECT_VERSION = 1;
				GENERATE_INFOPLIST_FILE = YES;
				MARKETING_VERSION = 1.0;
				PRODUCT_BUNDLE_IDENTIFIER = ITI.ReminderAppUITests;
				PRODUCT_NAME = "$(TARGET_NAME)";
				SWIFT_EMIT_LOC_STRINGS = NO;
				SWIFT_VERSION = 5.0;
				TARGETED_DEVICE_FAMILY = "1,2";
				TEST_TARGET_NAME = ReminderApp;
			};
			name = Debug;
		};
		035A3999298446DC00EB9A52 /* Release */ = {
			isa = XCBuildConfiguration;
			buildSettings = {
				ALWAYS_EMBED_SWIFT_STANDARD_LIBRARIES = YES;
				CODE_SIGN_STYLE = Automatic;
				CURRENT_PROJECT_VERSION = 1;
				GENERATE_INFOPLIST_FILE = YES;
				MARKETING_VERSION = 1.0;
				PRODUCT_BUNDLE_IDENTIFIER = ITI.ReminderAppUITests;
				PRODUCT_NAME = "$(TARGET_NAME)";
				SWIFT_EMIT_LOC_STRINGS = NO;
				SWIFT_VERSION = 5.0;
				TARGETED_DEVICE_FAMILY = "1,2";
				TEST_TARGET_NAME = ReminderApp;
			};
			name = Release;
		};
/* End XCBuildConfiguration section */

/* Begin XCConfigurationList section */
		035A395F298446D900EB9A52 /* Build configuration list for PBXProject "ReminderApp" */ = {
			isa = XCConfigurationList;
			buildConfigurations = (
				035A398F298446DC00EB9A52 /* Debug */,
				035A3990298446DC00EB9A52 /* Release */,
			);
			defaultConfigurationIsVisible = 0;
			defaultConfigurationName = Release;
		};
		035A3991298446DC00EB9A52 /* Build configuration list for PBXNativeTarget "ReminderApp" */ = {
			isa = XCConfigurationList;
			buildConfigurations = (
				035A3992298446DC00EB9A52 /* Debug */,
				035A3993298446DC00EB9A52 /* Release */,
			);
			defaultConfigurationIsVisible = 0;
			defaultConfigurationName = Release;
		};
		035A3994298446DC00EB9A52 /* Build configuration list for PBXNativeTarget "ReminderAppTests" */ = {
			isa = XCConfigurationList;
			buildConfigurations = (
				035A3995298446DC00EB9A52 /* Debug */,
				035A3996298446DC00EB9A52 /* Release */,
			);
			defaultConfigurationIsVisible = 0;
			defaultConfigurationName = Release;
		};
		035A3997298446DC00EB9A52 /* Build configuration list for PBXNativeTarget "ReminderAppUITests" */ = {
			isa = XCConfigurationList;
			buildConfigurations = (
				035A3998298446DC00EB9A52 /* Debug */,
				035A3999298446DC00EB9A52 /* Release */,
			);
			defaultConfigurationIsVisible = 0;
			defaultConfigurationName = Release;
		};
/* End XCConfigurationList section */

/* Begin XCVersionGroup section */
		035A39A52984744D00EB9A52 /* ReminderApp.xcdatamodeld */ = {
			isa = XCVersionGroup;
			children = (
				035A39A62984744D00EB9A52 /* ReminderApp.xcdatamodel */,
			);
			currentVersion = 035A39A62984744D00EB9A52 /* ReminderApp.xcdatamodel */;
			path = ReminderApp.xcdatamodeld;
			sourceTree = "<group>";
			versionGroupType = wrapper.xcdatamodel;
		};
/* End XCVersionGroup section */
	};
	rootObject = 035A395C298446D900EB9A52 /* Project object */;
}
